
Microsoft Visual Studio Solution File, Format Version 12.00
# Visual Studio Version 16
VisualStudioVersion = 16.0.31205.134
MinimumVisualStudioVersion = 10.0.40219.1
Project("{FAE04EC0-301F-11D3-BF4B-00C04F79EFBC}") = "PreggyCalc", "PreggyCalc.csproj", "{B0A8E2FA-2DCB-4E49-8FFD-A623F66F013B}"
EndProject
Global
	GlobalSection(SolutionConfigurationPlatforms) = preSolution
		Debug|Any CPU = Debug|Any CPU
		Release|Any CPU = Release|Any CPU
	EndGlobalSection
	GlobalSection(ProjectConfigurationPlatforms) = postSolution
		{B0A8E2FA-2DCB-4E49-8FFD-A623F66F013B}.Debug|Any CPU.ActiveCfg = Debug|Any CPU
		{B0A8E2FA-2DCB-4E49-8FFD-A623F66F013B}.Debug|Any CPU.Build.0 = Debug|Any CPU
		{B0A8E2FA-2DCB-4E49-8FFD-A623F66F013B}.Release|Any CPU.ActiveCfg = Release|Any CPU
		{B0A8E2FA-2DCB-4E49-8FFD-A623F66F013B}.Release|Any CPU.Build.0 = Release|Any CPU
	EndGlobalSection
	GlobalSection(SolutionProperties) = preSolution
		HideSolutionNode = FALSE
	EndGlobalSection
	GlobalSection(ExtensibilityGlobals) = postSolution
		SolutionGuid = {7AFA3239-84A0-41A6-AEF6-ADD09460ED17}
	EndGlobalSection
	GlobalSection(MonoDevelopProperties) = preSolution
		Policies = $0
		$0.DotNetNamingPolicy = $1
		$1.DirectoryNamespaceAssociation = PrefixedHierarchical
		$0.VersionControlPolicy = $2
		description = "Preggy dates calculator written in C#. Simple interface and menu with multiple input date options. "
	EndGlobalSection
EndGlobal
